
Microsoft Visual Studio Solution File, Format Version 12.00
# Visual Studio 15
VisualStudioVersion = 15.0.28307.329
MinimumVisualStudioVersion = 10.0.40219.1
Project("{FAE04EC0-301F-11D3-BF4B-00C04F79EFBC}") = "Form Thread", "WindowsFormsApp1\Form Thread.csproj", "{B6EB14C6-4DFE-4377-9EEC-9C60BD2C39D1}"
EndProject
Global
	GlobalSection(SolutionConfigurationPlatforms) = preSolution
		Debug|Any CPU = Debug|Any CPU
		Release|Any CPU = Release|Any CPU
	EndGlobalSection
	GlobalSection(ProjectConfigurationPlatforms) = postSolution
		{B6EB14C6-4DFE-4377-9EEC-9C60BD2C39D1}.Debug|Any CPU.ActiveCfg = Debug|Any CPU
		{B6EB14C6-4DFE-4377-9EEC-9C60BD2C39D1}.Debug|Any CPU.Build.0 = Debug|Any CPU
		{B6EB14C6-4DFE-4377-9EEC-9C60BD2C39D1}.Release|Any CPU.ActiveCfg = Release|Any CPU
		{B6EB14C6-4DFE-4377-9EEC-9C60BD2C39D1}.Release|Any CPU.Build.0 = Release|Any CPU
	EndGlobalSection
	GlobalSection(SolutionProperties) = preSolution
		HideSolutionNode = FALSE
	EndGlobalSection
	GlobalSection(ExtensibilityGlobals) = postSolution
		SolutionGuid = {25380EA2-5D36-49CA-839D-D50C53B1FB17}
	EndGlobalSection
EndGlobal
